
Microsoft Visual Studio Solution File, Format Version 12.00
# Visual Studio Version 17
VisualStudioVersion = 17.0.31903.59
MinimumVisualStudioVersion = 10.0.40219.1
Project("{FAE04EC0-301F-11D3-BF4B-00C04F79EFBC}") = "DotNetFirebaseDemo", "DotNetFirebaseDemo\DotNetFirebaseDemo.csproj", "{124AC9B4-49CA-45C9-A524-F42F779E8398}"
EndProject
Global
	GlobalSection(SolutionConfigurationPlatforms) = preSolution
		Debug|Any CPU = Debug|Any CPU
		Release|Any CPU = Release|Any CPU
	EndGlobalSection
	GlobalSection(ProjectConfigurationPlatforms) = postSolution
		{124AC9B4-49CA-45C9-A524-F42F779E8398}.Debug|Any CPU.ActiveCfg = Debug|Any CPU
		{124AC9B4-49CA-45C9-A524-F42F779E8398}.Debug|Any CPU.Build.0 = Debug|Any CPU
		{124AC9B4-49CA-45C9-A524-F42F779E8398}.Release|Any CPU.ActiveCfg = Release|Any CPU
		{124AC9B4-49CA-45C9-A524-F42F779E8398}.Release|Any CPU.Build.0 = Release|Any CPU
	EndGlobalSection
	GlobalSection(SolutionProperties) = preSolution
		HideSolutionNode = FALSE
	EndGlobalSection
	GlobalSection(ExtensibilityGlobals) = postSolution
		SolutionGuid = {32C06376-167A-468A-9FCA-99F43AC462B4}
	EndGlobalSection
EndGlobal
